
Microsoft Visual Studio Solution File, Format Version 12.00
# Visual Studio Version 17
VisualStudioVersion = 17.6.33723.286
MinimumVisualStudioVersion = 10.0.40219.1
Project("{FAE04EC0-301F-11D3-BF4B-00C04F79EFBC}") = "SengleLinkedlistTest", "SengleLinkedlistTest\SengleLinkedlistTest.csproj", "{D6F05F1B-E9D6-406D-A2B7-59FF651B1EB8}"
EndProject
Global
	GlobalSection(SolutionConfigurationPlatforms) = preSolution
		Debug|Any CPU = Debug|Any CPU
		Release|Any CPU = Release|Any CPU
	EndGlobalSection
	GlobalSection(ProjectConfigurationPlatforms) = postSolution
		{D6F05F1B-E9D6-406D-A2B7-59FF651B1EB8}.Debug|Any CPU.ActiveCfg = Debug|Any CPU
		{D6F05F1B-E9D6-406D-A2B7-59FF651B1EB8}.Debug|Any CPU.Build.0 = Debug|Any CPU
		{D6F05F1B-E9D6-406D-A2B7-59FF651B1EB8}.Release|Any CPU.ActiveCfg = Release|Any CPU
		{D6F05F1B-E9D6-406D-A2B7-59FF651B1EB8}.Release|Any CPU.Build.0 = Release|Any CPU
	EndGlobalSection
	GlobalSection(SolutionProperties) = preSolution
		HideSolutionNode = FALSE
	EndGlobalSection
	GlobalSection(ExtensibilityGlobals) = postSolution
		SolutionGuid = {27BA3182-452F-40EC-B6FF-A601969E0969}
	EndGlobalSection
EndGlobal
